
Microsoft Visual Studio Solution File, Format Version 12.00
# Visual Studio 14
VisualStudioVersion = 14.0.23107.0
MinimumVisualStudioVersion = 10.0.40219.1
Project("{FAE04EC0-301F-11D3-BF4B-00C04F79EFBC}") = "DogDiaryApi", "DogDiaryApi\DogDiaryApi.csproj", "{04B4A1A2-B62D-4BD4-B3E5-567C457ABC31}"
EndProject
Project("{FAE04EC0-301F-11D3-BF4B-00C04F79EFBC}") = "DogDiaryApi.Tests", "DogDiaryApi.Tests\DogDiaryApi.Tests.csproj", "{227B9CA0-CC52-46A5-85F7-7B6D13BF2E37}"
EndProject
Project("{FAE04EC0-301F-11D3-BF4B-00C04F79EFBC}") = "DogDiaryRepository", "DogDiaryRepository\DogDiaryRepository.csproj", "{146BF1D0-A461-4453-B648-3DE97B9EA5F2}"
EndProject
Project("{00D1A9C2-B5F0-4AF3-8072-F6C62B433612}") = "Database", "Database\Database.sqlproj", "{3E069808-5B78-4F1E-B5DE-0367C5250DB7}"
EndProject
Project("{FAE04EC0-301F-11D3-BF4B-00C04F79EFBC}") = "DogDiaryService", "DogDiaryService\DogDiaryService.csproj", "{BE465F71-66D3-4BAE-88F8-2C693C139D63}"
EndProject
Global
	GlobalSection(SolutionConfigurationPlatforms) = preSolution
		Debug|Any CPU = Debug|Any CPU
		Release|Any CPU = Release|Any CPU
	EndGlobalSection
	GlobalSection(ProjectConfigurationPlatforms) = postSolution
		{04B4A1A2-B62D-4BD4-B3E5-567C457ABC31}.Debug|Any CPU.ActiveCfg = Debug|Any CPU
		{04B4A1A2-B62D-4BD4-B3E5-567C457ABC31}.Debug|Any CPU.Build.0 = Debug|Any CPU
		{04B4A1A2-B62D-4BD4-B3E5-567C457ABC31}.Release|Any CPU.ActiveCfg = Release|Any CPU
		{04B4A1A2-B62D-4BD4-B3E5-567C457ABC31}.Release|Any CPU.Build.0 = Release|Any CPU
		{227B9CA0-CC52-46A5-85F7-7B6D13BF2E37}.Debug|Any CPU.ActiveCfg = Debug|Any CPU
		{227B9CA0-CC52-46A5-85F7-7B6D13BF2E37}.Debug|Any CPU.Build.0 = Debug|Any CPU
		{227B9CA0-CC52-46A5-85F7-7B6D13BF2E37}.Release|Any CPU.ActiveCfg = Release|Any CPU
		{227B9CA0-CC52-46A5-85F7-7B6D13BF2E37}.Release|Any CPU.Build.0 = Release|Any CPU
		{146BF1D0-A461-4453-B648-3DE97B9EA5F2}.Debug|Any CPU.ActiveCfg = Debug|Any CPU
		{146BF1D0-A461-4453-B648-3DE97B9EA5F2}.Debug|Any CPU.Build.0 = Debug|Any CPU
		{146BF1D0-A461-4453-B648-3DE97B9EA5F2}.Release|Any CPU.ActiveCfg = Release|Any CPU
		{146BF1D0-A461-4453-B648-3DE97B9EA5F2}.Release|Any CPU.Build.0 = Release|Any CPU
		{3E069808-5B78-4F1E-B5DE-0367C5250DB7}.Debug|Any CPU.ActiveCfg = Debug|Any CPU
		{3E069808-5B78-4F1E-B5DE-0367C5250DB7}.Debug|Any CPU.Build.0 = Debug|Any CPU
		{3E069808-5B78-4F1E-B5DE-0367C5250DB7}.Debug|Any CPU.Deploy.0 = Debug|Any CPU
		{3E069808-5B78-4F1E-B5DE-0367C5250DB7}.Release|Any CPU.ActiveCfg = Release|Any CPU
		{3E069808-5B78-4F1E-B5DE-0367C5250DB7}.Release|Any CPU.Build.0 = Release|Any CPU
		{3E069808-5B78-4F1E-B5DE-0367C5250DB7}.Release|Any CPU.Deploy.0 = Release|Any CPU
		{BE465F71-66D3-4BAE-88F8-2C693C139D63}.Debug|Any CPU.ActiveCfg = Debug|Any CPU
		{BE465F71-66D3-4BAE-88F8-2C693C139D63}.Debug|Any CPU.Build.0 = Debug|Any CPU
		{BE465F71-66D3-4BAE-88F8-2C693C139D63}.Release|Any CPU.ActiveCfg = Release|Any CPU
		{BE465F71-66D3-4BAE-88F8-2C693C139D63}.Release|Any CPU.Build.0 = Release|Any CPU
	EndGlobalSection
	GlobalSection(SolutionProperties) = preSolution
		HideSolutionNode = FALSE
	EndGlobalSection
EndGlobal
